
Microsoft Visual Studio Solution File, Format Version 12.00
# Visual Studio Version 17
VisualStudioVersion = 17.5.002.0
MinimumVisualStudioVersion = 10.0.40219.1
Project("{2150E333-8FDC-42A3-9474-1A3956D46DE8}") = "Lab14_0258", "Lab14_0258", "{1BEBDC3F-D827-40C1-84E0-EF39B9898100}"
EndProject
Project("{9A19103F-16F7-4668-BE54-9A1E7A4F7556}") = "Lab14_Ex01", "Lab14_0258\Lab14_Ex01\Lab14_Ex01.csproj", "{91B56CCC-614C-46AE-BFA3-9AD5D2F7217F}"
EndProject
Global
	GlobalSection(SolutionConfigurationPlatforms) = preSolution
		Debug|Any CPU = Debug|Any CPU
		Release|Any CPU = Release|Any CPU
	EndGlobalSection
	GlobalSection(ProjectConfigurationPlatforms) = postSolution
		{91B56CCC-614C-46AE-BFA3-9AD5D2F7217F}.Debug|Any CPU.ActiveCfg = Debug|Any CPU
		{91B56CCC-614C-46AE-BFA3-9AD5D2F7217F}.Debug|Any CPU.Build.0 = Debug|Any CPU
		{91B56CCC-614C-46AE-BFA3-9AD5D2F7217F}.Release|Any CPU.ActiveCfg = Release|Any CPU
		{91B56CCC-614C-46AE-BFA3-9AD5D2F7217F}.Release|Any CPU.Build.0 = Release|Any CPU
	EndGlobalSection
	GlobalSection(SolutionProperties) = preSolution
		HideSolutionNode = FALSE
	EndGlobalSection
	GlobalSection(NestedProjects) = preSolution
		{91B56CCC-614C-46AE-BFA3-9AD5D2F7217F} = {1BEBDC3F-D827-40C1-84E0-EF39B9898100}
	EndGlobalSection
	GlobalSection(ExtensibilityGlobals) = postSolution
		SolutionGuid = {BB2AC831-DEA8-4EFB-B0F9-91CED084CEDE}
	EndGlobalSection
EndGlobal
