
Microsoft Visual Studio Solution File, Format Version 12.00
# Visual Studio Version 17
VisualStudioVersion = 17.5.002.0
MinimumVisualStudioVersion = 10.0.40219.1
Project("{9A19103F-16F7-4668-BE54-9A1E7A4F7556}") = "65030179_Lab14", "65030179_Lab14\65030179_Lab14.csproj", "{D23B86E3-6341-45B0-9904-33E781E0E93A}"
EndProject
Project("{2150E333-8FDC-42A3-9474-1A3956D46DE8}") = "65030179_Lab14 (1)", "65030179_Lab14", "{1A3117BA-85FE-43F3-86AE-C9383403CF49}"
EndProject
Project("{9A19103F-16F7-4668-BE54-9A1E7A4F7556}") = "Lab14_Ex01", "65030179_Lab14\Lab14_Ex01\Lab14_Ex01.csproj", "{4E4D7ACD-EF40-4C32-AE14-640CAE0AB626}"
EndProject
Global
	GlobalSection(SolutionConfigurationPlatforms) = preSolution
		Debug|Any CPU = Debug|Any CPU
		Release|Any CPU = Release|Any CPU
	EndGlobalSection
	GlobalSection(ProjectConfigurationPlatforms) = postSolution
		{D23B86E3-6341-45B0-9904-33E781E0E93A}.Debug|Any CPU.ActiveCfg = Debug|Any CPU
		{D23B86E3-6341-45B0-9904-33E781E0E93A}.Debug|Any CPU.Build.0 = Debug|Any CPU
		{D23B86E3-6341-45B0-9904-33E781E0E93A}.Release|Any CPU.ActiveCfg = Release|Any CPU
		{D23B86E3-6341-45B0-9904-33E781E0E93A}.Release|Any CPU.Build.0 = Release|Any CPU
		{4E4D7ACD-EF40-4C32-AE14-640CAE0AB626}.Debug|Any CPU.ActiveCfg = Debug|Any CPU
		{4E4D7ACD-EF40-4C32-AE14-640CAE0AB626}.Debug|Any CPU.Build.0 = Debug|Any CPU
		{4E4D7ACD-EF40-4C32-AE14-640CAE0AB626}.Release|Any CPU.ActiveCfg = Release|Any CPU
		{4E4D7ACD-EF40-4C32-AE14-640CAE0AB626}.Release|Any CPU.Build.0 = Release|Any CPU
	EndGlobalSection
	GlobalSection(SolutionProperties) = preSolution
		HideSolutionNode = FALSE
	EndGlobalSection
	GlobalSection(NestedProjects) = preSolution
		{4E4D7ACD-EF40-4C32-AE14-640CAE0AB626} = {1A3117BA-85FE-43F3-86AE-C9383403CF49}
	EndGlobalSection
	GlobalSection(ExtensibilityGlobals) = postSolution
		SolutionGuid = {A7EF75F9-0713-4C7E-ABA2-BA5BB3CD29E6}
	EndGlobalSection
EndGlobal
